
Microsoft Visual Studio Solution File, Format Version 12.00
# Visual Studio Version 17
VisualStudioVersion = 17.5.33627.172
MinimumVisualStudioVersion = 10.0.40219.1
Project("{FAE04EC0-301F-11D3-BF4B-00C04F79EFBC}") = "Task 1", "Task 1\Task 1.csproj", "{C1F2109B-2C1B-4481-8C68-15E14BDFF1F7}"
EndProject
Global
	GlobalSection(SolutionConfigurationPlatforms) = preSolution
		Debug|Any CPU = Debug|Any CPU
		Release|Any CPU = Release|Any CPU
	EndGlobalSection
	GlobalSection(ProjectConfigurationPlatforms) = postSolution
		{C1F2109B-2C1B-4481-8C68-15E14BDFF1F7}.Debug|Any CPU.ActiveCfg = Debug|Any CPU
		{C1F2109B-2C1B-4481-8C68-15E14BDFF1F7}.Debug|Any CPU.Build.0 = Debug|Any CPU
		{C1F2109B-2C1B-4481-8C68-15E14BDFF1F7}.Release|Any CPU.ActiveCfg = Release|Any CPU
		{C1F2109B-2C1B-4481-8C68-15E14BDFF1F7}.Release|Any CPU.Build.0 = Release|Any CPU
	EndGlobalSection
	GlobalSection(SolutionProperties) = preSolution
		HideSolutionNode = FALSE
	EndGlobalSection
	GlobalSection(ExtensibilityGlobals) = postSolution
		SolutionGuid = {6FD04FE8-30CD-4DBD-A315-175C6C7EF88B}
	EndGlobalSection
EndGlobal
