
Microsoft Visual Studio Solution File, Format Version 12.00
# Visual Studio Version 17
VisualStudioVersion = 17.5.33627.172
MinimumVisualStudioVersion = 10.0.40219.1
Project("{FAE04EC0-301F-11D3-BF4B-00C04F79EFBC}") = "Task 4", "Task 4\Task 4.csproj", "{7C896597-740C-4275-AE10-8BB187E230BE}"
EndProject
Global
	GlobalSection(SolutionConfigurationPlatforms) = preSolution
		Debug|Any CPU = Debug|Any CPU
		Release|Any CPU = Release|Any CPU
	EndGlobalSection
	GlobalSection(ProjectConfigurationPlatforms) = postSolution
		{7C896597-740C-4275-AE10-8BB187E230BE}.Debug|Any CPU.ActiveCfg = Debug|Any CPU
		{7C896597-740C-4275-AE10-8BB187E230BE}.Debug|Any CPU.Build.0 = Debug|Any CPU
		{7C896597-740C-4275-AE10-8BB187E230BE}.Release|Any CPU.ActiveCfg = Release|Any CPU
		{7C896597-740C-4275-AE10-8BB187E230BE}.Release|Any CPU.Build.0 = Release|Any CPU
	EndGlobalSection
	GlobalSection(SolutionProperties) = preSolution
		HideSolutionNode = FALSE
	EndGlobalSection
	GlobalSection(ExtensibilityGlobals) = postSolution
		SolutionGuid = {F8C924BE-1D81-4377-A2F1-9E6450E6F754}
	EndGlobalSection
EndGlobal
